{
  "nodes": {
    "apple-color-emoji": {
      "flake": false,
      "locked": {
        "narHash": "sha256-UGB1bnf7SQA4C2zJvH1hwCky+396y3BeHJGElc5mSvs=",
        "type": "file",
        "url": "https://github.com/samuelngs/apple-emoji-linux/releases/latest/download/AppleColorEmoji-Linux.ttf"
      },
      "original": {
        "type": "file",
        "url": "https://github.com/samuelngs/apple-emoji-linux/releases/latest/download/AppleColorEmoji-Linux.ttf"
      }
    },
    "apple-fonts": {
      "inputs": {
        "apple-color-emoji": "apple-color-emoji",
        "nixpkgs": [
          "nixpkgs"
        ],
        "ny": "ny",
        "sf-arabic": "sf-arabic",
        "sf-armenian": "sf-armenian",
        "sf-compact": "sf-compact",
        "sf-georgian": "sf-georgian",
        "sf-hebrew": "sf-hebrew",
        "sf-mono": "sf-mono",
        "sf-pro": "sf-pro"
      },
      "locked": {
        "lastModified": 1772314339,
        "narHash": "sha256-Drm7WaY+mJH5OS3grjfktvoL6JEkDR+IVWm5eOLPev4=",
        "owner": "seallegg",
        "repo": "apple-fonts-flake",
        "rev": "ab526a1db4035a9427ba1796db3107e5a1ab3e8d",
        "type": "github"
      },
      "original": {
        "owner": "seallegg",
        "repo": "apple-fonts-flake",
        "type": "github"
      }
    },
    "cachyos-kernel": {
      "inputs": {
        "cachyos-kernel": "cachyos-kernel_2",
        "cachyos-kernel-patches": "cachyos-kernel-patches",
        "flake-compat": "flake-compat",
        "flake-parts": "flake-parts",
        "nixpkgs": "nixpkgs"
      },
      "locked": {
        "lastModified": 1784399663,
        "narHash": "sha256-iy8esxP2PqoQ77w/g7GXDgnKyDotwY6HSvawS91CDHw=",
        "owner": "xddxdd",
        "repo": "nix-cachyos-kernel",
        "rev": "cc5bc99baf27245f2644c1fe13f7bac5d3d47865",
        "type": "github"
      },
      "original": {
        "owner": "xddxdd",
        "repo": "nix-cachyos-kernel",
        "type": "github"
      }
    },
    "cachyos-kernel-patches": {
      "flake": false,
      "locked": {
        "lastModified": 1783974915,
        "narHash": "sha256-kReDG2emoGxaG0Lr8tt9jUuu1kQu07yAJZhVWfbwxYc=",
        "owner": "CachyOS",
        "repo": "kernel-patches",
        "rev": "ea739d734ec179864b21446856315bc49f7c52fa",
        "type": "github"
      },
      "original": {
        "owner": "CachyOS",
        "repo": "kernel-patches",
        "type": "github"
      }
    },
    "cachyos-kernel_2": {
      "flake": false,
      "locked": {
        "lastModified": 1784183350,
        "narHash": "sha256-xt95iMq58azqjOaxevf1u8+5iXjB56ofAeSvIpI4z30=",
        "owner": "CachyOS",
        "repo": "linux-cachyos",
        "rev": "5aeec554010d57edf03e7cad83c174fd945da8b9",
        "type": "github"
      },
      "original": {
        "owner": "CachyOS",
        "repo": "linux-cachyos",
        "type": "github"
      }
    },
    "chaotic": {
      "inputs": {
        "flake-schemas": "flake-schemas",
        "home-manager": "home-manager",
        "nixpkgs": [
          "nixpkgs"
        ]
      },
      "locked": {
        "lastModified": 1784454547,
        "narHash": "sha256-EgwzcEndhYo5QBRLKDnBrAWlHlv58meYs14oiIbDzgo=",
        "owner": "chaotic-cx",
        "repo": "nyx",
        "rev": "b8e987205a73ecb65279ce429f78681732f739f9",
        "type": "github"
      },
      "original": {
        "owner": "chaotic-cx",
        "ref": "nyxpkgs-unstable",
        "repo": "nyx",
        "type": "github"
      }
    },
    "disko": {
      "inputs": {
        "nixpkgs": [
          "nixpkgs"
        ]
      },
      "locked": {
        "lastModified": 1781152676,
        "narHash": "sha256-RxWs5ND31KzTG7wvMM+PMfUjyNpmIEr999lqNARaM5o=",
        "owner": "nix-community",
        "repo": "disko",
        "rev": "ff8702b4de27f72b4c78573dfb89ec74e36abdf1",
        "type": "github"
      },
      "original": {
        "owner": "nix-community",
        "repo": "disko",
        "type": "github"
      }
    },
    "flake-compat": {
      "flake": false,
      "locked": {
        "lastModified": 1767039857,
        "narHash": "sha256-vNpUSpF5Nuw8xvDLj2KCwwksIbjua2LZCqhV1LNRDns=",
        "owner": "NixOS",
        "repo": "flake-compat",
        "rev": "5edf11c44bc78a0d334f6334cdaf7d60d732daab",
        "type": "github"
      },
      "original": {
        "owner": "NixOS",
        "repo": "flake-compat",
        "type": "github"
      }
    },
    "flake-parts": {
      "inputs": {
        "nixpkgs-lib": "nixpkgs-lib"
      },
      "locked": {
        "lastModified": 1782949081,
        "narHash": "sha256-vp6Y/Grm98ESt6ceOkWiHWyZRDV3J1RID4w+6NWK9yA=",
        "owner": "hercules-ci",
        "repo": "flake-parts",
        "rev": "17c9d6cdfc60c64f4ee8d306f9bc0b4ccb51481e",
        "type": "github"
      },
      "original": {
        "owner": "hercules-ci",
        "repo": "flake-parts",
        "type": "github"
      }
    },
    "flake-schemas": {
      "locked": {
        "lastModified": 1780327564,
        "narHash": "sha256-HiRPtA0spK+Dkgbhz/1zW9glXxNVB+L4Rj2VYmdawb8=",
        "rev": "6cc9bd98891b1fc6bb2b8cb3277df8bc72799ca6",
        "revCount": 149,
        "type": "tarball",
        "url": "https://api.flakehub.com/f/pinned/DeterminateSystems/flake-schemas/0.5.0/019e83cf-9af3-78b1-ac5b-70e68ad1efe1/source.tar.gz"
      },
      "original": {
        "type": "tarball",
        "url": "https://flakehub.com/f/DeterminateSystems/flake-schemas/%3D0.5.0.tar.gz"
      }
    },
    "helium": {
      "inputs": {
        "nixpkgs": [
          "nixpkgs"
        ],
        "nixpkgs-darwin": "nixpkgs-darwin",
        "utils": "utils"
      },
      "locked": {
        "lastModified": 1784431410,
        "narHash": "sha256-G671MLe+jUgQWte0S182mDB8vlxfbyY9hH88N5ZjLXU=",
        "owner": "schembriaiden",
        "repo": "helium-browser-nix-flake",
        "rev": "52e6bfd6e6b5eaab2e96095f7d936e5bf6a72f24",
        "type": "github"
      },
      "original": {
        "owner": "schembriaiden",
        "repo": "helium-browser-nix-flake",
        "type": "github"
      }
    },
    "hjem": {
      "inputs": {
        "nixpkgs": [
          "nixpkgs"
        ]
      },
      "locked": {
        "lastModified": 1784423689,
        "narHash": "sha256-rf8FWDqTlBF2MdKlmlrfYbgNZxQs7OPWl2xI1Y3Bua0=",
        "owner": "feel-co",
        "repo": "hjem",
        "rev": "3289cc5d2e62a2c0ba4e3e4f5565c9752fb39fb9",
        "type": "github"
      },
      "original": {
        "owner": "feel-co",
        "repo": "hjem",
        "type": "github"
      }
    },
    "hjem-rum": {
      "inputs": {
        "hjem": "hjem_2",
        "nix-darwin": "nix-darwin",
        "nixpkgs": [
          "nixpkgs"
        ]
      },
      "locked": {
        "lastModified": 1784361899,
        "narHash": "sha256-QIzbnJIwy5cMYvPmLYPA4ar0lhficYLKZ6ytcHK90Uo=",
        "owner": "snugnug",
        "repo": "hjem-rum",
        "rev": "73f6d1c01fe94e3de1cb3a84b9346da52f483c60",
        "type": "github"
      },
      "original": {
        "owner": "snugnug",
        "repo": "hjem-rum",
        "type": "github"
      }
    },
    "hjem_2": {
      "inputs": {
        "nix-darwin": [
          "hjem-rum",
          "nix-darwin"
        ],
        "nixpkgs": [
          "hjem-rum",
          "nixpkgs"
        ]
      },
      "locked": {
        "lastModified": 1779575248,
        "narHash": "sha256-Zh9+WMsxDbLVWwhccXjLW+PYO/5ZyUFQLZdYydycbx8=",
        "owner": "feel-co",
        "repo": "hjem",
        "rev": "77bf113e3ce91c6632def66222198561437853dc",
        "type": "github"
      },
      "original": {
        "owner": "feel-co",
        "repo": "hjem",
        "type": "github"
      }
    },
    "home-manager": {
      "inputs": {
        "nixpkgs": [
          "chaotic",
          "nixpkgs"
        ]
      },
      "locked": {
        "lastModified": 1784407317,
        "narHash": "sha256-iZrxHToDJWnvt+5LGAtvuQMTy1NZYlNEKbKaVtBJNcc=",
        "owner": "nix-community",
        "repo": "home-manager",
        "rev": "39411a8e12a5526d992e65bc7e3dc9a4414d6713",
        "type": "github"
      },
      "original": {
        "owner": "nix-community",
        "repo": "home-manager",
        "type": "github"
      }
    },
    "millennium": {
      "inputs": {
        "millennium-src": "millennium-src",
        "nixpkgs": [
          "nixpkgs"
        ]
      },
      "locked": {
        "dir": "packages/nix",
        "lastModified": 1783651774,
        "narHash": "sha256-PuCRfdYK2RG6CAYbnjbF6ElkULdqw0G+bhKWeQsJTUw=",
        "owner": "SteamClientHomebrew",
        "repo": "Millennium",
        "rev": "6d6df68fb43e11a73c0a8d0fd1566e4f81f873d1",
        "type": "github"
      },
      "original": {
        "dir": "packages/nix",
        "owner": "SteamClientHomebrew",
        "ref": "next",
        "repo": "Millennium",
        "type": "github"
      }
    },
    "millennium-src": {
      "flake": false,
      "locked": {
        "lastModified": 1783612754,
        "narHash": "sha256-97yND/JauDYEdYEHzuwkUeOUwfd+BCzHpKTmibkQZgw=",
        "owner": "SteamClientHomebrew",
        "repo": "Millennium",
        "rev": "78f1f71a63f18142289926ca435071500ac1cbad",
        "type": "github"
      },
      "original": {
        "owner": "SteamClientHomebrew",
        "repo": "Millennium",
        "rev": "78f1f71a63f18142289926ca435071500ac1cbad",
        "type": "github"
      }
    },
    "nix-darwin": {
      "inputs": {
        "nixpkgs": [
          "hjem-rum",
          "nixpkgs"
        ]
      },
      "locked": {
        "lastModified": 1779036909,
        "narHash": "sha256-zXcwYQGCT6pzinK+1dBB2ekTVtfxGZAapb3Evdcu4fY=",
        "owner": "nix-darwin",
        "repo": "nix-darwin",
        "rev": "56c666e108467d87d13508936aade6d567f2a501",
        "type": "github"
      },
      "original": {
        "owner": "nix-darwin",
        "repo": "nix-darwin",
        "type": "github"
      }
    },
    "nixdg-ninja": {
      "inputs": {
        "nixpkgs": [
          "nixpkgs"
        ]
      },
      "locked": {
        "lastModified": 1783534614,
        "narHash": "sha256-M4dKtH7Uwfd73TNvwVcgT3nfvCGhSWOqnmFbhIg97AE=",
        "owner": "seallegg",
        "repo": "nixdg-ninja",
        "rev": "3cd83840d4613e9c87fe2ca54857ea5eeaf44af4",
        "type": "github"
      },
      "original": {
        "owner": "seallegg",
        "ref": "env-fix",
        "repo": "nixdg-ninja",
        "type": "github"
      }
    },
    "nixpkgs": {
      "locked": {
        "lastModified": 1784376972,
        "narHash": "sha256-RV+5/2MexV9xfNcm9rhYr5FE250sHPnH1coGz/pKTqM=",
        "owner": "NixOS",
        "repo": "nixpkgs",
        "rev": "8d704def0fc91d80d2ffcf23ae4b08cb055308f0",
        "type": "github"
      },
      "original": {
        "owner": "NixOS",
        "ref": "nixos-unstable-small",
        "repo": "nixpkgs",
        "type": "github"
      }
    },
    "nixpkgs-darwin": {
      "locked": {
        "lastModified": 1784255083,
        "narHash": "sha256-0Jz8G3+3g6i/l4aISUri0EidLnREelCff0m6+pE6aZg=",
        "owner": "NixOS",
        "repo": "nixpkgs",
        "rev": "fc51889f81924f15fba77a3c0b79cfb3f78fe0d4",
        "type": "github"
      },
      "original": {
        "owner": "NixOS",
        "ref": "nixpkgs-26.05-darwin",
        "repo": "nixpkgs",
        "type": "github"
      }
    },
    "nixpkgs-lib": {
      "locked": {
        "lastModified": 1782614948,
        "narHash": "sha256-ePjCwr1sNm9NYUqywL7QfK3JnlS015msC+eBu2zKlp8=",
        "owner": "nix-community",
        "repo": "nixpkgs.lib",
        "rev": "db3f255737b94216eb71cce308e2912cf6bc2d7c",
        "type": "github"
      },
      "original": {
        "owner": "nix-community",
        "repo": "nixpkgs.lib",
        "type": "github"
      }
    },
    "nixpkgs_2": {
      "locked": {
        "lastModified": 1784356753,
        "narHash": "sha256-12KrbMiWLcf8m7pCvAtZh1ZrgF85ZXDXvfR/fWTKy84=",
        "owner": "NixOS",
        "repo": "nixpkgs",
        "rev": "61b7c44c4073f0b827768aff0049561b5110ea5a",
        "type": "github"
      },
      "original": {
        "owner": "NixOS",
        "ref": "nixos-unstable",
        "repo": "nixpkgs",
        "type": "github"
      }
    },
    "ny": {
      "flake": false,
      "locked": {
        "narHash": "sha256-3257NAH4qlan2YHVLpNRy7x8IJqR2pal3OzFo/ykqXs=",
        "type": "file",
        "url": "https://devimages-cdn.apple.com/design/resources/download/NY.dmg"
      },
      "original": {
        "type": "file",
        "url": "https://devimages-cdn.apple.com/design/resources/download/NY.dmg"
      }
    },
    "patchset": {
      "flake": false,
      "locked": {
        "narHash": "sha256-qOTaoqfES2eT7shVxZbg+SHT1/0Mg/j4SWAzybtnszQ=",
        "type": "file",
        "url": "https://aur.archlinux.org/cgit/aur.git/plain/qt6ct-shenanigans.patch?h=qt6ct-kde"
      },
      "original": {
        "type": "file",
        "url": "https://aur.archlinux.org/cgit/aur.git/plain/qt6ct-shenanigans.patch?h=qt6ct-kde"
      }
    },
    "qt6ct-kde": {
      "inputs": {
        "nixpkgs": [
          "nixpkgs"
        ],
        "patchset": "patchset"
      },
      "locked": {
        "lastModified": 1775934376,
        "narHash": "sha256-TfcFvhtX7162wW2qQLdtTm4Sx2etdDXltM9eA11kwoM=",
        "owner": "seallegg",
        "repo": "qt6ct-kde-flake",
        "rev": "b2a6b77c2b2225a60bd9619d0505f8eb6ed455c9",
        "type": "github"
      },
      "original": {
        "owner": "seallegg",
        "repo": "qt6ct-kde-flake",
        "type": "github"
      }
    },
    "root": {
      "inputs": {
        "apple-fonts": "apple-fonts",
        "cachyos-kernel": "cachyos-kernel",
        "chaotic": "chaotic",
        "disko": "disko",
        "helium": "helium",
        "hjem": "hjem",
        "hjem-rum": "hjem-rum",
        "millennium": "millennium",
        "nixdg-ninja": "nixdg-ninja",
        "nixpkgs": "nixpkgs_2",
        "qt6ct-kde": "qt6ct-kde"
      }
    },
    "sf-arabic": {
      "flake": false,
      "locked": {
        "narHash": "sha256-/0gjRimqvZyE60xYxxPdlU+7Q2LJnnvtbmwOP0YmS9U=",
        "type": "file",
        "url": "https://devimages-cdn.apple.com/design/resources/download/SF-Arabic.dmg"
      },
      "original": {
        "type": "file",
        "url": "https://devimages-cdn.apple.com/design/resources/download/SF-Arabic.dmg"
      }
    },
    "sf-armenian": {
      "flake": false,
      "locked": {
        "narHash": "sha256-rRoDkbNMYkzOHZmQm96Zv80TZvRlAeoxkv4pMHP5nUg=",
        "type": "file",
        "url": "https://devimages-cdn.apple.com/design/resources/download/SF-Armenian.dmg"
      },
      "original": {
        "type": "file",
        "url": "https://devimages-cdn.apple.com/design/resources/download/SF-Armenian.dmg"
      }
    },
    "sf-compact": {
      "flake": false,
      "locked": {
        "narHash": "sha256-oLhkN4HYkU1Xjxk+xdmyxJmROSzo1qd/tafdxw7icxs=",
        "type": "file",
        "url": "https://devimages-cdn.apple.com/design/resources/download/SF-Compact.dmg"
      },
      "original": {
        "type": "file",
        "url": "https://devimages-cdn.apple.com/design/resources/download/SF-Compact.dmg"
      }
    },
    "sf-georgian": {
      "flake": false,
      "locked": {
        "narHash": "sha256-IevVNOC28IiR45YfI3PsZzXLMRxuB5u7UiE53Zn6tRU=",
        "type": "file",
        "url": "https://devimages-cdn.apple.com/design/resources/download/SF-Georgian.dmg"
      },
      "original": {
        "type": "file",
        "url": "https://devimages-cdn.apple.com/design/resources/download/SF-Georgian.dmg"
      }
    },
    "sf-hebrew": {
      "flake": false,
      "locked": {
        "narHash": "sha256-Dw84kYwMpCtKKKqm8cZcQ9TZ7GayU5MO7W0LJw0Rcwk=",
        "type": "file",
        "url": "https://devimages-cdn.apple.com/design/resources/download/SF-Hebrew.dmg"
      },
      "original": {
        "type": "file",
        "url": "https://devimages-cdn.apple.com/design/resources/download/SF-Hebrew.dmg"
      }
    },
    "sf-mono": {
      "flake": false,
      "locked": {
        "narHash": "sha256-ICdHRFdNL7PM/fXJUzS7LgZxZiqcyIuCMHLze4En4vg=",
        "type": "file",
        "url": "https://devimages-cdn.apple.com/design/resources/download/SF-Mono.dmg"
      },
      "original": {
        "type": "file",
        "url": "https://devimages-cdn.apple.com/design/resources/download/SF-Mono.dmg"
      }
    },
    "sf-pro": {
      "flake": false,
      "locked": {
        "narHash": "sha256-s42hsaUe0Vkaw5yw8G7G3W3AYJb2TPqSlMqPyY0e5WU=",
        "type": "file",
        "url": "https://devimages-cdn.apple.com/design/resources/download/SF-Pro.dmg"
      },
      "original": {
        "type": "file",
        "url": "https://devimages-cdn.apple.com/design/resources/download/SF-Pro.dmg"
      }
    },
    "systems": {
      "locked": {
        "lastModified": 1681028828,
        "narHash": "sha256-Vy1rq5AaRuLzOxct8nz4T6wlgyUR7zLU309k9mBC768=",
        "owner": "nix-systems",
        "repo": "default",
        "rev": "da67096a3b9bf56a91d16901293e51ba5b49a27e",
        "type": "github"
      },
      "original": {
        "owner": "nix-systems",
        "repo": "default",
        "type": "github"
      }
    },
    "utils": {
      "inputs": {
        "systems": "systems"
      },
      "locked": {
        "lastModified": 1731533236,
        "narHash": "sha256-l0KFg5HjrsfsO/JpG+r7fRrqm12kzFHyUHqHCVpMMbI=",
        "owner": "numtide",
        "repo": "flake-utils",
        "rev": "11707dc2f618dd54ca8739b309ec4fc024de578b",
        "type": "github"
      },
      "original": {
        "owner": "numtide",
        "repo": "flake-utils",
        "type": "github"
      }
    }
  },
  "root": "root",
  "version": 7
}
